# THIS IS AN AUTOGENERATED FILE. DO NOT EDIT THIS FILE DIRECTLY.
# yarn lockfile v1


"@dimensional-fun/logger@^1.0.1":
  version "1.0.1"
  resolved "https://registry.yarnpkg.com/@dimensional-fun/logger/-/logger-1.0.1.tgz#1c9bbb3a7a687137f372c773eb4a2687f008b9e2"
  integrity sha512-COuvFTNuM9mkQ96ZnMe0q6Vr/+D5AYqwX8dZJIbobMX3YGC+gK4FPmEtCWLLuLbUi9qZI/psGStl4O3ydv9amA==
  dependencies:
    ansi-styles "^4.2.1"
    color-convert "^2.0.1"
    fecha "^4.2.0"

"@types/node@^14.14.37":
  version "14.14.37"
  resolved "https://registry.yarnpkg.com/@types/node/-/node-14.14.37.tgz#a3dd8da4eb84a996c36e331df98d82abd76b516e"
  integrity sha512-XYmBiy+ohOR4Lh5jE379fV2IU+6Jn4g5qASinhitfyO71b/sCo6MKsMLF5tc7Zf2CE8hViVQyYSobJNke8OvUw==

ansi-styles@^4.2.1:
  version "4.3.0"
  resolved "https://registry.yarnpkg.com/ansi-styles/-/ansi-styles-4.3.0.tgz#edd803628ae71c04c85ae7a0906edad34b648937"
  integrity sha512-zbB9rCJAT1rbjiVDb2hqKFHNYLxgtk8NURxZ3IZwD3F6NtxbXZQCnnSi1Lkx+IDohdPlFp222wVALIheZJQSEg==
  dependencies:
    color-convert "^2.0.1"

asynckit@^0.4.0:
  version "0.4.0"
  resolved "https://registry.yarnpkg.com/asynckit/-/asynckit-0.4.0.tgz#c79ed97f7f34cb8f2ba1bc9790bcc366474b4b79"
  integrity sha1-x57Zf380y48robyXkLzDZkdLS3k=

color-convert@^2.0.1:
  version "2.0.1"
  resolved "https://registry.yarnpkg.com/color-convert/-/color-convert-2.0.1.tgz#72d3a68d598c9bdb3af2ad1e84f21d896abd4de3"
  integrity sha512-RRECPsj7iu/xb5oKYcsFHSppFNnsj/52OVTRKb4zP5onXwVF3zVmmToNcOfGC+CRDpfK/U584fMg38ZHCaElKQ==
  dependencies:
    color-name "~1.1.4"

color-name@~1.1.4:
  version "1.1.4"
  resolved "https://registry.yarnpkg.com/color-name/-/color-name-1.1.4.tgz#c2a09a87acbde69543de6f63fa3995c826c536a2"
  integrity sha512-dOy+3AuW3a2wNbZHIuMZpTcgjGuLU/uBL/ubcZF9OXbDo8ff4O8yVp5Bf0efS8uEoYo5q4Fx7dY9OgQGXgAsQA==

combined-stream@^1.0.8:
  version "1.0.8"
  resolved "https://registry.yarnpkg.com/combined-stream/-/combined-stream-1.0.8.tgz#c3d45a8b34fd730631a110a8a2520682b31d5a7f"
  integrity sha512-FQN4MRfuJeHf7cBbBMJFXhKSDq+2kAArBlmRBvcvFE5BB1HZKXtSFASDhdlz9zOYwxh8lDdnvmMOe/+5cdoEdg==
  dependencies:
    delayed-stream "~1.0.0"

delayed-stream@~1.0.0:
  version "1.0.0"
  resolved "https://registry.yarnpkg.com/delayed-stream/-/delayed-stream-1.0.0.tgz#df3ae199acadfb7d440aaae0b29e2272b24ec619"
  integrity sha1-3zrhmayt+31ECqrgsp4icrJOxhk=

detritus-client-rest@^0.9.3:
  version "0.9.4"
  resolved "https://registry.yarnpkg.com/detritus-client-rest/-/detritus-client-rest-0.9.4.tgz#7bc9c04017e71061e75416178331c60e9ea591eb"
  integrity sha512-M1BPpj/6pXOGx976KbqO9nhDzJWQ37B9RVoCb0W36wO4oIoZobASPJrcZh5VL/hlQN/poFJGQrGm8+WP6KGKlQ==
  dependencies:
    detritus-rest "^0.7.0"
    detritus-utils "^0.4.0"

detritus-client-socket@^0.7.2:
  version "0.7.2"
  resolved "https://registry.yarnpkg.com/detritus-client-socket/-/detritus-client-socket-0.7.2.tgz#6a14120240b80da738563968df3ad87181db0c9c"
  integrity sha512-5302Rr/e+vRcE4ZvmgYCNsBIXkhZPlhLbl7p8YPK+bjvnLgXX0E+sv0SIvM4bRqNXIlDjXjnpMHgSlrTAqKKQQ==
  dependencies:
    detritus-utils "^0.4.0"
    ws "^7.4.2"

detritus-client@^0.14.3:
  version "0.14.3"
  resolved "https://registry.yarnpkg.com/detritus-client/-/detritus-client-0.14.3.tgz#fb831d40fb87810f6d36b14b56e9d000d609de70"
  integrity sha512-4f8H4WsCV/fp6kyrNhOaoV/Slperx15t2/Ip+34LzbbfTmJskXf+s5w85KRpucyn1xHM/FHZU31WZ9IXKjONdw==
  dependencies:
    detritus-client-rest "^0.9.3"
    detritus-client-socket "^0.7.2"
    detritus-utils "^0.4.0"

detritus-rest@^0.7.0:
  version "0.7.0"
  resolved "https://registry.yarnpkg.com/detritus-rest/-/detritus-rest-0.7.0.tgz#15d7a98c7038935de7ba2a88eeed83aba1c88ed7"
  integrity sha512-T5FNXpyv5F69ZXEz6z8mWo5yiz7Mhrg+HQsZumih/uDeqf3+1AvZgNI4XLscG1D56F0o5DSyXkoOxDgd2oeTgA==
  dependencies:
    form-data "^3.0.0"
    node-fetch "^2.6.1"

detritus-utils@^0.4.0:
  version "0.4.0"
  resolved "https://registry.yarnpkg.com/detritus-utils/-/detritus-utils-0.4.0.tgz#42c01e029bd716c5be30a82ee4c621136f64ef35"
  integrity sha512-XO9crk1eCOecajzOg4WMsvcgXV/3GAltV0nt+kXXmglwcKyh/5DpQ7jmQ/2HycEN0dGBdgLCLPzYMxrWPN9gpw==

dotenv@^8.2.0:
  version "8.2.0"
  resolved "https://registry.yarnpkg.com/dotenv/-/dotenv-8.2.0.tgz#97e619259ada750eea3e4ea3e26bceea5424b16a"
  integrity sha512-8sJ78ElpbDJBHNeBzUbUVLsqKdccaa/BXF1uPTw3GrvQTBgrQrtObr2mUrE38vzYd8cEv+m/JBfDLioYcfXoaw==

fecha@^4.2.0:
  version "4.2.1"
  resolved "https://registry.yarnpkg.com/fecha/-/fecha-4.2.1.tgz#0a83ad8f86ef62a091e22bb5a039cd03d23eecce"
  integrity sha512-MMMQ0ludy/nBs1/o0zVOiKTpG7qMbonKUzjJgQFEuvq6INZ1OraKPRAWkBq5vlKLOUMpmNYG1JoN3oDPUQ9m3Q==

form-data@^3.0.0:
  version "3.0.1"
  resolved "https://registry.yarnpkg.com/form-data/-/form-data-3.0.1.tgz#ebd53791b78356a99af9a300d4282c4d5eb9755f"
  integrity sha512-RHkBKtLWUVwd7SqRIvCZMEvAMoGUp0XU+seQiZejj0COz3RI3hWP4sCv3gZWWLjJTd7rGwcsF5eKZGii0r/hbg==
  dependencies:
    asynckit "^0.4.0"
    combined-stream "^1.0.8"
    mime-types "^2.1.12"

mime-db@1.47.0:
  version "1.47.0"
  resolved "https://registry.yarnpkg.com/mime-db/-/mime-db-1.47.0.tgz#8cb313e59965d3c05cfbf898915a267af46a335c"
  integrity sha512-QBmA/G2y+IfeS4oktet3qRZ+P5kPhCKRXxXnQEudYqUaEioAU1/Lq2us3D/t1Jfo4hE9REQPrbB7K5sOczJVIw==

mime-types@^2.1.12:
  version "2.1.30"
  resolved "https://registry.yarnpkg.com/mime-types/-/mime-types-2.1.30.tgz#6e7be8b4c479825f85ed6326695db73f9305d62d"
  integrity sha512-crmjA4bLtR8m9qLpHvgxSChT+XoSlZi8J4n/aIdn3z92e/U47Z0V/yl+Wh9W046GgFVAmoNR/fmdbZYcSSIUeg==
  dependencies:
    mime-db "1.47.0"

node-fetch@^2.6.1:
  version "2.6.1"
  resolved "https://registry.yarnpkg.com/node-fetch/-/node-fetch-2.6.1.tgz#045bd323631f76ed2e2b55573394416b639a0052"
  integrity sha512-V4aYg89jEoVRxRb2fJdAg8FHvI7cEyYdVAh94HH0UIK8oJxUfkjlDQN9RbMx+bEjP7+ggMiFRprSti032Oipxw==

obby.js@^1.0.11:
  version "1.0.11"
  resolved "https://registry.yarnpkg.com/obby.js/-/obby.js-1.0.11.tgz#4657f517943d6611cc297bc6b184ffec407df0c0"
  integrity sha512-n9BWdasJKvImOVqBpcovQ/cNitM3c1TF2rkFqfWgMX33a4dmPCObIbxaGyVch6oSLD00zjsCimBRm0bxiP8p3Q==
  dependencies:
    ws "^7.4.4"

typescript@^4.2.4:
  version "4.2.4"
  resolved "https://registry.yarnpkg.com/typescript/-/typescript-4.2.4.tgz#8610b59747de028fda898a8aef0e103f156d0961"
  integrity sha512-V+evlYHZnQkaz8TRBuxTA92yZBPotr5H+WhQ7bD3hZUndx5tGOa1fuCgeSjxAzM1RiN5IzvadIXTVefuuwZCRg==

ws@^7.4.2, ws@^7.4.4:
  version "7.4.4"
  resolved "https://registry.yarnpkg.com/ws/-/ws-7.4.4.tgz#383bc9742cb202292c9077ceab6f6047b17f2d59"
  integrity sha512-Qm8k8ojNQIMx7S+Zp8u/uHOx7Qazv3Yv4q68MiWWWOJhiwG5W3x7iqmRtJo8xxrciZUY4vRxUTJCKuRnF28ZZw==
